
Microsoft Visual Studio Solution File, Format Version 12.00
# Visual Studio 15
VisualStudioVersion = 15.0.28307.757
MinimumVisualStudioVersion = 10.0.40219.1
Project("{FAE04EC0-301F-11D3-BF4B-00C04F79EFBC}") = "DIP", "DIP\DIP.csproj", "{22124A7A-CB10-4E09-A7B7-4DF151E79464}"
EndProject
Global
	GlobalSection(SolutionConfigurationPlatforms) = preSolution
		Debug|Any CPU = Debug|Any CPU
		Release|Any CPU = Release|Any CPU
	EndGlobalSection
	GlobalSection(ProjectConfigurationPlatforms) = postSolution
		{22124A7A-CB10-4E09-A7B7-4DF151E79464}.Debug|Any CPU.ActiveCfg = Debug|Any CPU
		{22124A7A-CB10-4E09-A7B7-4DF151E79464}.Debug|Any CPU.Build.0 = Debug|Any CPU
		{22124A7A-CB10-4E09-A7B7-4DF151E79464}.Release|Any CPU.ActiveCfg = Release|Any CPU
		{22124A7A-CB10-4E09-A7B7-4DF151E79464}.Release|Any CPU.Build.0 = Release|Any CPU
	EndGlobalSection
	GlobalSection(SolutionProperties) = preSolution
		HideSolutionNode = FALSE
	EndGlobalSection
	GlobalSection(ExtensibilityGlobals) = postSolution
		SolutionGuid = {0D72AE24-10C5-4FD1-A4DC-F6950F3B05CC}
	EndGlobalSection
EndGlobal
