
Microsoft Visual Studio Solution File, Format Version 12.00
# Visual Studio 15
VisualStudioVersion = 15.0.28307.757
MinimumVisualStudioVersion = 10.0.40219.1
Project("{FAE04EC0-301F-11D3-BF4B-00C04F79EFBC}") = "RoatationbyGCD", "RoatationbyGCD\RoatationbyGCD.csproj", "{B50BCEBF-E914-4359-B001-9C320B67E240}"
EndProject
Global
	GlobalSection(SolutionConfigurationPlatforms) = preSolution
		Debug|Any CPU = Debug|Any CPU
		Release|Any CPU = Release|Any CPU
	EndGlobalSection
	GlobalSection(ProjectConfigurationPlatforms) = postSolution
		{B50BCEBF-E914-4359-B001-9C320B67E240}.Debug|Any CPU.ActiveCfg = Debug|Any CPU
		{B50BCEBF-E914-4359-B001-9C320B67E240}.Debug|Any CPU.Build.0 = Debug|Any CPU
		{B50BCEBF-E914-4359-B001-9C320B67E240}.Release|Any CPU.ActiveCfg = Release|Any CPU
		{B50BCEBF-E914-4359-B001-9C320B67E240}.Release|Any CPU.Build.0 = Release|Any CPU
	EndGlobalSection
	GlobalSection(SolutionProperties) = preSolution
		HideSolutionNode = FALSE
	EndGlobalSection
	GlobalSection(ExtensibilityGlobals) = postSolution
		SolutionGuid = {5B4707DD-BD7A-49BD-BCD2-BCEB67C91985}
	EndGlobalSection
EndGlobal
