
Microsoft Visual Studio Solution File, Format Version 12.00
# Visual Studio 15
VisualStudioVersion = 15.0.28307.757
MinimumVisualStudioVersion = 10.0.40219.1
Project("{FAE04EC0-301F-11D3-BF4B-00C04F79EFBC}") = "Fiboannicc", "Fiboannicc\Fiboannicc.csproj", "{F87E7571-8CDB-4D83-A9C0-680FEA5E114D}"
EndProject
Global
	GlobalSection(SolutionConfigurationPlatforms) = preSolution
		Debug|Any CPU = Debug|Any CPU
		Release|Any CPU = Release|Any CPU
	EndGlobalSection
	GlobalSection(ProjectConfigurationPlatforms) = postSolution
		{F87E7571-8CDB-4D83-A9C0-680FEA5E114D}.Debug|Any CPU.ActiveCfg = Debug|Any CPU
		{F87E7571-8CDB-4D83-A9C0-680FEA5E114D}.Debug|Any CPU.Build.0 = Debug|Any CPU
		{F87E7571-8CDB-4D83-A9C0-680FEA5E114D}.Release|Any CPU.ActiveCfg = Release|Any CPU
		{F87E7571-8CDB-4D83-A9C0-680FEA5E114D}.Release|Any CPU.Build.0 = Release|Any CPU
	EndGlobalSection
	GlobalSection(SolutionProperties) = preSolution
		HideSolutionNode = FALSE
	EndGlobalSection
	GlobalSection(ExtensibilityGlobals) = postSolution
		SolutionGuid = {0106D442-888E-4C26-90E4-7DF46C74643C}
	EndGlobalSection
EndGlobal
